
Microsoft Visual Studio Solution File, Format Version 12.00
# Visual Studio Version 16
VisualStudioVersion = 16.0.29424.173
MinimumVisualStudioVersion = 10.0.40219.1
Project("{9A19103F-16F7-4668-BE54-9A1E7A4F7556}") = "NJBC.Models", "NJBC.Models\NJBC.Models.csproj", "{93AE8831-4F48-402D-9F9D-F7298A835860}"
EndProject
Project("{9A19103F-16F7-4668-BE54-9A1E7A4F7556}") = "NJBC.DataLayer", "NJBC.DataLayer\NJBC.DataLayer.csproj", "{A146BE9B-6EA5-40E3-9097-BC40E9A281C2}"
EndProject
Project("{9A19103F-16F7-4668-BE54-9A1E7A4F7556}") = "NJBC.Services", "NJBC.Services\NJBC.Services.csproj", "{7208F35A-21B0-497A-864F-B8B42DC32EA4}"
EndProject
Project("{9A19103F-16F7-4668-BE54-9A1E7A4F7556}") = "NJBC.Web.App.Label", "NJBC.Web.App.Label\NJBC.Web.App.Label.csproj", "{94D20CE5-1AF0-4144-9800-8008489A9EB1}"
EndProject
Project("{9A19103F-16F7-4668-BE54-9A1E7A4F7556}") = "NJBC.App.Crawler", "NJBC.App.Crawler\NJBC.App.Crawler.csproj", "{6CC862DA-78EE-4A21-9BC2-86E70C01D7FB}"
EndProject
Project("{9A19103F-16F7-4668-BE54-9A1E7A4F7556}") = "NJBC.Common", "NJBC.Common\NJBC.Common.csproj", "{0A9DBE4F-6C77-4E11-A613-7741AA08BBA2}"
EndProject
Global
	GlobalSection(SolutionConfigurationPlatforms) = preSolution
		Debug|Any CPU = Debug|Any CPU
		Release|Any CPU = Release|Any CPU
	EndGlobalSection
	GlobalSection(ProjectConfigurationPlatforms) = postSolution
		{93AE8831-4F48-402D-9F9D-F7298A835860}.Debug|Any CPU.ActiveCfg = Debug|Any CPU
		{93AE8831-4F48-402D-9F9D-F7298A835860}.Debug|Any CPU.Build.0 = Debug|Any CPU
		{93AE8831-4F48-402D-9F9D-F7298A835860}.Release|Any CPU.ActiveCfg = Release|Any CPU
		{93AE8831-4F48-402D-9F9D-F7298A835860}.Release|Any CPU.Build.0 = Release|Any CPU
		{A146BE9B-6EA5-40E3-9097-BC40E9A281C2}.Debug|Any CPU.ActiveCfg = Debug|Any CPU
		{A146BE9B-6EA5-40E3-9097-BC40E9A281C2}.Debug|Any CPU.Build.0 = Debug|Any CPU
		{A146BE9B-6EA5-40E3-9097-BC40E9A281C2}.Release|Any CPU.ActiveCfg = Release|Any CPU
		{A146BE9B-6EA5-40E3-9097-BC40E9A281C2}.Release|Any CPU.Build.0 = Release|Any CPU
		{7208F35A-21B0-497A-864F-B8B42DC32EA4}.Debug|Any CPU.ActiveCfg = Debug|Any CPU
		{7208F35A-21B0-497A-864F-B8B42DC32EA4}.Debug|Any CPU.Build.0 = Debug|Any CPU
		{7208F35A-21B0-497A-864F-B8B42DC32EA4}.Release|Any CPU.ActiveCfg = Release|Any CPU
		{7208F35A-21B0-497A-864F-B8B42DC32EA4}.Release|Any CPU.Build.0 = Release|Any CPU
		{94D20CE5-1AF0-4144-9800-8008489A9EB1}.Debug|Any CPU.ActiveCfg = Debug|Any CPU
		{94D20CE5-1AF0-4144-9800-8008489A9EB1}.Debug|Any CPU.Build.0 = Debug|Any CPU
		{94D20CE5-1AF0-4144-9800-8008489A9EB1}.Release|Any CPU.ActiveCfg = Release|Any CPU
		{94D20CE5-1AF0-4144-9800-8008489A9EB1}.Release|Any CPU.Build.0 = Release|Any CPU
		{6CC862DA-78EE-4A21-9BC2-86E70C01D7FB}.Debug|Any CPU.ActiveCfg = Debug|Any CPU
		{6CC862DA-78EE-4A21-9BC2-86E70C01D7FB}.Debug|Any CPU.Build.0 = Debug|Any CPU
		{6CC862DA-78EE-4A21-9BC2-86E70C01D7FB}.Release|Any CPU.ActiveCfg = Release|Any CPU
		{6CC862DA-78EE-4A21-9BC2-86E70C01D7FB}.Release|Any CPU.Build.0 = Release|Any CPU
		{0A9DBE4F-6C77-4E11-A613-7741AA08BBA2}.Debug|Any CPU.ActiveCfg = Debug|Any CPU
		{0A9DBE4F-6C77-4E11-A613-7741AA08BBA2}.Debug|Any CPU.Build.0 = Debug|Any CPU
		{0A9DBE4F-6C77-4E11-A613-7741AA08BBA2}.Release|Any CPU.ActiveCfg = Release|Any CPU
		{0A9DBE4F-6C77-4E11-A613-7741AA08BBA2}.Release|Any CPU.Build.0 = Release|Any CPU
	EndGlobalSection
	GlobalSection(SolutionProperties) = preSolution
		HideSolutionNode = FALSE
	EndGlobalSection
	GlobalSection(ExtensibilityGlobals) = postSolution
		SolutionGuid = {BFC9A617-EE29-4974-8740-DDA51BD239F6}
	EndGlobalSection
EndGlobal
